
Microsoft Visual Studio Solution File, Format Version 12.00
# Visual Studio Version 17
VisualStudioVersion = 17.9.34723.18
MinimumVisualStudioVersion = 10.0.40219.1
Project("{9A19103F-16F7-4668-BE54-9A1E7A4F7556}") = "TqkLibrary.AudioPlayer.XAudio2", "TqkLibrary.AudioPlayer.XAudio2\TqkLibrary.AudioPlayer.XAudio2.csproj", "{2C271F31-6E5A-4E65-BEF7-FC5FEC2BAE30}"
	ProjectSection(ProjectDependencies) = postProject
		{E1AFDE3A-1732-4351-9D17-FA0B93184142} = {E1AFDE3A-1732-4351-9D17-FA0B93184142}
	EndProjectSection
EndProject
Project("{8BC9CEB8-8B4A-11D0-8D11-00A0C91BC942}") = "TqkLibrary.AudioPlayer.XAudio2.Native", "TqkLibrary.AudioPlayer.XAudio2.Native\TqkLibrary.AudioPlayer.XAudio2.Native.vcxproj", "{E1AFDE3A-1732-4351-9D17-FA0B93184142}"
EndProject
Project("{9A19103F-16F7-4668-BE54-9A1E7A4F7556}") = "ConsoleTest", "ConsoleTest\ConsoleTest.csproj", "{01B5DF10-2A6F-4B78-8F9B-38009F1F45A1}"
	ProjectSection(ProjectDependencies) = postProject
		{2C271F31-6E5A-4E65-BEF7-FC5FEC2BAE30} = {2C271F31-6E5A-4E65-BEF7-FC5FEC2BAE30}
	EndProjectSection
EndProject
Project("{2150E333-8FDC-42A3-9474-1A3956D46DE8}") = "Solution Items", "Solution Items", "{62476559-4557-4554-A05B-5AD34B6635AA}"
	ProjectSection(SolutionItems) = preProject
		Build.ps1 = Build.ps1
	EndProjectSection
EndProject
Global
	GlobalSection(SolutionConfigurationPlatforms) = preSolution
		Debug|Any CPU = Debug|Any CPU
		Debug|x64 = Debug|x64
		Debug|x86 = Debug|x86
		Release|Any CPU = Release|Any CPU
		Release|x64 = Release|x64
		Release|x86 = Release|x86
	EndGlobalSection
	GlobalSection(ProjectConfigurationPlatforms) = postSolution
		{2C271F31-6E5A-4E65-BEF7-FC5FEC2BAE30}.Debug|Any CPU.ActiveCfg = Debug|x64
		{2C271F31-6E5A-4E65-BEF7-FC5FEC2BAE30}.Debug|Any CPU.Build.0 = Debug|x64
		{2C271F31-6E5A-4E65-BEF7-FC5FEC2BAE30}.Debug|x64.ActiveCfg = Debug|x64
		{2C271F31-6E5A-4E65-BEF7-FC5FEC2BAE30}.Debug|x64.Build.0 = Debug|x64
		{2C271F31-6E5A-4E65-BEF7-FC5FEC2BAE30}.Debug|x86.ActiveCfg = Debug|x86
		{2C271F31-6E5A-4E65-BEF7-FC5FEC2BAE30}.Debug|x86.Build.0 = Debug|x86
		{2C271F31-6E5A-4E65-BEF7-FC5FEC2BAE30}.Release|Any CPU.ActiveCfg = Release|Any CPU
		{2C271F31-6E5A-4E65-BEF7-FC5FEC2BAE30}.Release|Any CPU.Build.0 = Release|Any CPU
		{2C271F31-6E5A-4E65-BEF7-FC5FEC2BAE30}.Release|x64.ActiveCfg = Release|x64
		{2C271F31-6E5A-4E65-BEF7-FC5FEC2BAE30}.Release|x64.Build.0 = Release|x64
		{2C271F31-6E5A-4E65-BEF7-FC5FEC2BAE30}.Release|x86.ActiveCfg = Release|x86
		{2C271F31-6E5A-4E65-BEF7-FC5FEC2BAE30}.Release|x86.Build.0 = Release|x86
		{E1AFDE3A-1732-4351-9D17-FA0B93184142}.Debug|Any CPU.ActiveCfg = Debug|x64
		{E1AFDE3A-1732-4351-9D17-FA0B93184142}.Debug|Any CPU.Build.0 = Debug|x64
		{E1AFDE3A-1732-4351-9D17-FA0B93184142}.Debug|x64.ActiveCfg = Debug|x64
		{E1AFDE3A-1732-4351-9D17-FA0B93184142}.Debug|x64.Build.0 = Debug|x64
		{E1AFDE3A-1732-4351-9D17-FA0B93184142}.Debug|x86.ActiveCfg = Debug|Win32
		{E1AFDE3A-1732-4351-9D17-FA0B93184142}.Debug|x86.Build.0 = Debug|Win32
		{E1AFDE3A-1732-4351-9D17-FA0B93184142}.Release|Any CPU.ActiveCfg = Release|x64
		{E1AFDE3A-1732-4351-9D17-FA0B93184142}.Release|Any CPU.Build.0 = Release|x64
		{E1AFDE3A-1732-4351-9D17-FA0B93184142}.Release|x64.ActiveCfg = Release|x64
		{E1AFDE3A-1732-4351-9D17-FA0B93184142}.Release|x64.Build.0 = Release|x64
		{E1AFDE3A-1732-4351-9D17-FA0B93184142}.Release|x86.ActiveCfg = Release|Win32
		{E1AFDE3A-1732-4351-9D17-FA0B93184142}.Release|x86.Build.0 = Release|Win32
		{01B5DF10-2A6F-4B78-8F9B-38009F1F45A1}.Debug|Any CPU.ActiveCfg = Debug|x64
		{01B5DF10-2A6F-4B78-8F9B-38009F1F45A1}.Debug|Any CPU.Build.0 = Debug|x64
		{01B5DF10-2A6F-4B78-8F9B-38009F1F45A1}.Debug|x64.ActiveCfg = Debug|x64
		{01B5DF10-2A6F-4B78-8F9B-38009F1F45A1}.Debug|x64.Build.0 = Debug|x64
		{01B5DF10-2A6F-4B78-8F9B-38009F1F45A1}.Debug|x86.ActiveCfg = Debug|x86
		{01B5DF10-2A6F-4B78-8F9B-38009F1F45A1}.Debug|x86.Build.0 = Debug|x86
		{01B5DF10-2A6F-4B78-8F9B-38009F1F45A1}.Release|Any CPU.ActiveCfg = Debug|Any CPU
		{01B5DF10-2A6F-4B78-8F9B-38009F1F45A1}.Release|x64.ActiveCfg = Debug|x64
		{01B5DF10-2A6F-4B78-8F9B-38009F1F45A1}.Release|x86.ActiveCfg = Debug|x86
	EndGlobalSection
	GlobalSection(SolutionProperties) = preSolution
		HideSolutionNode = FALSE
	EndGlobalSection
	GlobalSection(ExtensibilityGlobals) = postSolution
		SolutionGuid = {ECF6F67F-D611-41C4-BDC8-E7E8E0422E75}
	EndGlobalSection
EndGlobal
